Microsoft Visual Studio Solution File, Format Version 12.00
# Visual Studio Version 17
VisualStudioVersion = 17.5.2.0
MinimumVisualStudioVersion = 10.0.40219.1
Project("{FAE04EC0-301F-11D3-BF4B-00C04F79EFBC}") = "Atividade1911", "Atividade1911.csproj", "{DD0ED73E-C44A-93E0-E726-AF6C0A73594D}"
EndProject
Global
	GlobalSection(SolutionConfigurationPlatforms) = preSolution
		Debug|Any CPU = Debug|Any CPU
		Release|Any CPU = Release|Any CPU
	EndGlobalSection
	GlobalSection(ProjectConfigurationPlatforms) = postSolution
		{DD0ED73E-C44A-93E0-E726-AF6C0A73594D}.Debug|Any CPU.ActiveCfg = Debug|Any CPU
		{DD0ED73E-C44A-93E0-E726-AF6C0A73594D}.Debug|Any CPU.Build.0 = Debug|Any CPU
		{DD0ED73E-C44A-93E0-E726-AF6C0A73594D}.Release|Any CPU.ActiveCfg = Release|Any CPU
		{DD0ED73E-C44A-93E0-E726-AF6C0A73594D}.Release|Any CPU.Build.0 = Release|Any CPU
	EndGlobalSection
	GlobalSection(SolutionProperties) = preSolution
		HideSolutionNode = FALSE
	EndGlobalSection
	GlobalSection(ExtensibilityGlobals) = postSolution
		SolutionGuid = {89C607E6-EEB6-44B2-904F-1104F8F6704C}
	EndGlobalSection
EndGlobal
